
Microsoft Visual Studio Solution File, Format Version 12.00
# Visual Studio Version 16
VisualStudioVersion = 16.0.30309.148
MinimumVisualStudioVersion = 10.0.40219.1
Project("{FAE04EC0-301F-11D3-BF4B-00C04F79EFBC}") = "SubuTetraTelemetri", "SubuTetraTelemetri\SubuTetraTelemetri.csproj", "{46F8E350-B6FE-45A5-8735-6E2947EA2F58}"
EndProject
Global
	GlobalSection(SolutionConfigurationPlatforms) = preSolution
		Debug|Any CPU = Debug|Any CPU
		Release|Any CPU = Release|Any CPU
	EndGlobalSection
	GlobalSection(ProjectConfigurationPlatforms) = postSolution
		{46F8E350-B6FE-45A5-8735-6E2947EA2F58}.Debug|Any CPU.ActiveCfg = Debug|Any CPU
		{46F8E350-B6FE-45A5-8735-6E2947EA2F58}.Debug|Any CPU.Build.0 = Debug|Any CPU
		{46F8E350-B6FE-45A5-8735-6E2947EA2F58}.Release|Any CPU.ActiveCfg = Release|Any CPU
		{46F8E350-B6FE-45A5-8735-6E2947EA2F58}.Release|Any CPU.Build.0 = Release|Any CPU
	EndGlobalSection
	GlobalSection(SolutionProperties) = preSolution
		HideSolutionNode = FALSE
	EndGlobalSection
	GlobalSection(ExtensibilityGlobals) = postSolution
		SolutionGuid = {FBD3B43A-8128-440F-97AF-24A76673A0E2}
	EndGlobalSection
EndGlobal
